// !$*UTF8*$!
{
	archiveVersion = 1;
	classes = {
	};
	objectVersion = 46;
	objects = {

/* Begin PBXBuildFile section */
		80287F431C03914F008B2F1D /* main.cpp in Sources */ = {isa = PBXBuildFile; fileRef = 80287F421C03914F008B2F1D /* main.cpp */; };
		80287F4B1C03917F008B2F1D /* ServerSocket.cpp in Sources */ = {isa = PBXBuildFile; fileRef = 80287F491C03917F008B2F1D /* ServerSocket.cpp */; };
		80287F501C039226008B2F1D /* Message.cpp in Sources */ = {isa = PBXBuildFile; fileRef = 80287F4F1C039226008B2F1D /* Message.cpp */; };
		80287F521C039232008B2F1D /* Socket.cpp in Sources */ = {isa = PBXBuildFile; fileRef = 80287F511C039232008B2F1D /* Socket.cpp */; };
/* End PBXBuildFile section */

/* Begin PBXCopyFilesBuildPhase section */
		80287F3D1C03914E008B2F1D /* CopyFiles */ = {
			isa = PBXCopyFilesBuildPhase;
			buildActionMask = 2147483647;
			dstPath = /usr/share/man/man1/;
			dstSubfolderSpec = 0;
			files = (
			);
			runOnlyForDeploymentPostprocessing = 1;
		};
/* End PBXCopyFilesBuildPhase section */

/* Begin PBXFileReference section */
		80287F3F1C03914E008B2F1D /* Assignment3_new */ = {isa = PBXFileReference; explicitFileType = "compiled.mach-o.executable"; includeInIndex = 0; path = Assignment3_new; sourceTree = BUILT_PRODUCTS_DIR; };
		80287F421C03914F008B2F1D /* main.cpp */ = {isa = PBXFileReference; lastKnownFileType = sourcecode.cpp.cpp; path = main.cpp; sourceTree = "<group>"; };
		80287F491C03917F008B2F1D /* ServerSocket.cpp */ = {isa = PBXFileReference; fileEncoding = 4; lastKnownFileType = sourcecode.cpp.cpp; path = ServerSocket.cpp; sourceTree = "<group>"; };
		80287F4A1C03917F008B2F1D /* ServerSocket.hpp */ = {isa = PBXFileReference; fileEncoding = 4; lastKnownFileType = sourcecode.cpp.h; path = ServerSocket.hpp; sourceTree = "<group>"; };
		80287F4C1C039203008B2F1D /* Socket.hpp */ = {isa = PBXFileReference; lastKnownFileType = sourcecode.cpp.h; path = Socket.hpp; sourceTree = "<group>"; };
		80287F4D1C03920A008B2F1D /* SocketException.hpp */ = {isa = PBXFileReference; lastKnownFileType = sourcecode.cpp.h; path = SocketException.hpp; sourceTree = "<group>"; };
		80287F4E1C03921A008B2F1D /* Message.hpp */ = {isa = PBXFileReference; lastKnownFileType = sourcecode.cpp.h; path = Message.hpp; sourceTree = "<group>"; };
		80287F4F1C039226008B2F1D /* Message.cpp */ = {isa = PBXFileReference; fileEncoding = 4; lastKnownFileType = sourcecode.cpp.cpp; path = Message.cpp; sourceTree = "<group>"; };
		80287F511C039232008B2F1D /* Socket.cpp */ = {isa = PBXFileReference; fileEncoding = 4; lastKnownFileType = sourcecode.cpp.cpp; path = Socket.cpp; sourceTree = "<group>"; };
/* End PBXFileReference section */

/* Begin PBXFrameworksBuildPhase section */
		80287F3C1C03914E008B2F1D /* Frameworks */ = {
			isa = PBXFrameworksBuildPhase;
			buildActionMask = 2147483647;
			files = (
			);
			runOnlyForDeploymentPostprocessing = 0;
		};
/* End PBXFrameworksBuildPhase section */

/* Begin PBXGroup section */
		80287F361C03914E008B2F1D = {
			isa = PBXGroup;
			children = (
				80287F411C03914F008B2F1D /* Assignment3_new */,
				80287F401C03914E008B2F1D /* Products */,
			);
			sourceTree = "<group>";
		};
		80287F401C03914E008B2F1D /* Products */ = {
			isa = PBXGroup;
			children = (
				80287F3F1C03914E008B2F1D /* Assignment3_new */,
			);
			name = Products;
			sourceTree = "<group>";
		};
		80287F411C03914F008B2F1D /* Assignment3_new */ = {
			isa = PBXGroup;
			children = (
				80287F421C03914F008B2F1D /* main.cpp */,
				80287F491C03917F008B2F1D /* ServerSocket.cpp */,
				80287F4A1C03917F008B2F1D /* ServerSocket.hpp */,
				80287F511C039232008B2F1D /* Socket.cpp */,
				80287F4C1C039203008B2F1D /* Socket.hpp */,
				80287F4D1C03920A008B2F1D /* SocketException.hpp */,
				80287F4E1C03921A008B2F1D /* Message.hpp */,
				80287F4F1C039226008B2F1D /* Message.cpp */,
			);
			path = Assignment3_new;
			sourceTree = "<group>";
		};
/* End PBXGroup section */

/* Begin PBXNativeTarget section */
		80287F3E1C03914E008B2F1D /* Assignment3_new */ = {
			isa = PBXNativeTarget;
			buildConfigurationList = 80287F461C03914F008B2F1D /* Build configuration list for PBXNativeTarget "Assignment3_new" */;
			buildPhases = (
				80287F3B1C03914E008B2F1D /* Sources */,
				80287F3C1C03914E008B2F1D /* Frameworks */,
				80287F3D1C03914E008B2F1D /* CopyFiles */,
			);
			buildRules = (
			);
			dependencies = (
			);
			name = Assignment3_new;
			productName = Assignment3_new;
			productReference = 80287F3F1C03914E008B2F1D /* Assignment3_new */;
			productType = "com.apple.product-type.tool";
		};
/* End PBXNativeTarget section */

/* Begin PBXProject section */
		80287F371C03914E008B2F1D /* Project object */ = {
			isa = PBXProject;
			attributes = {
				LastUpgradeCheck = 0710;
				ORGANIZATIONNAME = "University Of Wollongong";
				TargetAttributes = {
					80287F3E1C03914E008B2F1D = {
						CreatedOnToolsVersion = 7.1.1;
					};
				};
			};
			buildConfigurationList = 80287F3A1C03914E008B2F1D /* Build configuration list for PBXProject "Assignment3_new" */;
			compatibilityVersion = "Xcode 3.2";
			developmentRegion = English;
			hasScannedForEncodings = 0;
			knownRegions = (
				en,
			);
			mainGroup = 80287F361C03914E008B2F1D;
			productRefGroup = 80287F401C03914E008B2F1D /* Products */;
			projectDirPath = "";
			projectRoot = "";
			targets = (
				80287F3E1C03914E008B2F1D /* Assignment3_new */,
			);
		};
/* End PBXProject section */

/* Begin PBXSourcesBuildPhase section */
		80287F3B1C03914E008B2F1D /* Sources */ = {
			isa = PBXSourcesBuildPhase;
			buildActionMask = 2147483647;
			files = (
				80287F521C039232008B2F1D /* Socket.cpp in Sources */,
				80287F431C03914F008B2F1D /* main.cpp in Sources */,
				80287F4B1C03917F008B2F1D /* ServerSocket.cpp in Sources */,
				80287F501C039226008B2F1D /* Message.cpp in Sources */,
			);
			runOnlyForDeploymentPostprocessing = 0;
		};
/* End PBXSourcesBuildPhase section */

/* Begin XCBuildConfiguration section */
		80287F441C03914F008B2F1D /* Debug */ = {
			isa = XCBuildConfiguration;
			buildSettings = {
				ALWAYS_SEARCH_USER_PATHS = NO;
				CLANG_CXX_LANGUAGE_STANDARD = "gnu++0x";
				CLANG_CXX_LIBRARY = "libc++";
				CLANG_ENABLE_MODULES = YES;
				CLANG_ENABLE_OBJC_ARC = YES;
				CLANG_WARN_BOOL_CONVERSION = YES;
				CLANG_WARN_CONSTANT_CONVERSION = YES;
				CLANG_WARN_DIRECT_OBJC_ISA_USAGE = YES_ERROR;
				CLANG_WARN_EMPTY_BODY = YES;
				CLANG_WARN_ENUM_CONVERSION = YES;
				CLANG_WARN_INT_CONVERSION = YES;
				CLANG_WARN_OBJC_ROOT_CLASS = YES_ERROR;
				CLANG_WARN_UNREACHABLE_CODE = YES;
				CLANG_WARN__DUPLICATE_METHOD_MATCH = YES;
				CODE_SIGN_IDENTITY = "-";
				COPY_PHASE_STRIP = NO;
				DEBUG_INFORMATION_FORMAT = dwarf;
				ENABLE_STRICT_OBJC_MSGSEND = YES;
				ENABLE_TESTABILITY = YES;
				GCC_C_LANGUAGE_STANDARD = gnu99;
				GCC_DYNAMIC_NO_PIC = NO;
				GCC_NO_COMMON_BLOCKS = YES;
				GCC_OPTIMIZATION_LEVEL = 0;
				GCC_PREPROCESSOR_DEFINITIONS = (
					"DEBUG=1",
					"$(inherited)",
				);
				GCC_WARN_64_TO_32_BIT_CONVERSION = YES;
				GCC_WARN_ABOUT_RETURN_TYPE = YES_ERROR;
				GCC_WARN_UNDECLARED_SELECTOR = YES;
				GCC_WARN_UNINITIALIZED_AUTOS = YES_AGGRESSIVE;
				GCC_WARN_UNUSED_FUNCTION = YES;
				GCC_WARN_UNUSED_VARIABLE = YES;
				MACOSX_DEPLOYMENT_TARGET = 10.11;
				MTL_ENABLE_DEBUG_INFO = YES;
				ONLY_ACTIVE_ARCH = YES;
				SDKROOT = macosx;
			};
			name = Debug;
		};
		80287F451C03914F008B2F1D /* Release */ = {
			isa = XCBuildConfiguration;
			buildSettings = {
				ALWAYS_SEARCH_USER_PATHS = NO;
				CLANG_CXX_LANGUAGE_STANDARD = "gnu++0x";
				CLANG_CXX_LIBRARY = "libc++";
				CLANG_ENABLE_MODULES = YES;
				CLANG_ENABLE_OBJC_ARC = YES;
				CLANG_WARN_BOOL_CONVERSION = YES;
				CLANG_WARN_CONSTANT_CONVERSION = YES;
				CLANG_WARN_DIRECT_OBJC_ISA_USAGE = YES_ERROR;
				CLANG_WARN_EMPTY_BODY = YES;
				CLANG_WARN_ENUM_CONVERSION = YES;
				CLANG_WARN_INT_CONVERSION = YES;
				CLANG_WARN_OBJC_ROOT_CLASS = YES_ERROR;
				CLANG_WARN_UNREACHABLE_CODE = YES;
				CLANG_WARN__DUPLICATE_METHOD_MATCH = YES;
				CODE_SIGN_IDENTITY = "-";
				COPY_PHASE_STRIP = NO;
				DEBUG_INFORMATION_FORMAT = "dwarf-with-dsym";
				ENABLE_NS_ASSERTIONS = NO;
				ENABLE_STRICT_OBJC_MSGSEND = YES;
				GCC_C_LANGUAGE_STANDARD = gnu99;
				GCC_NO_COMMON_BLOCKS = YES;
				GCC_WARN_64_TO_32_BIT_CONVERSION = YES;
				GCC_WARN_ABOUT_RETURN_TYPE = YES_ERROR;
				GCC_WARN_UNDECLARED_SELECTOR = YES;
				GCC_WARN_UNINITIALIZED_AUTOS = YES_AGGRESSIVE;
				GCC_WARN_UNUSED_FUNCTION = YES;
				GCC_WARN_UNUSED_VARIABLE = YES;
				MACOSX_DEPLOYMENT_TARGET = 10.11;
				MTL_ENABLE_DEBUG_INFO = NO;
				SDKROOT = macosx;
			};
			name = Release;
		};
		80287F471C03914F008B2F1D /* Debug */ = {
			isa = XCBuildConfiguration;
			buildSettings = {
				PRODUCT_NAME = "$(TARGET_NAME)";
			};
			name = Debug;
		};
		80287F481C03914F008B2F1D /* Release */ = {
			isa = XCBuildConfiguration;
			buildSettings = {
				PRODUCT_NAME = "$(TARGET_NAME)";
			};
			name = Release;
		};
/* End XCBuildConfiguration section */

/* Begin XCConfigurationList section */
		80287F3A1C03914E008B2F1D /* Build configuration list for PBXProject "Assignment3_new" */ = {
			isa = XCConfigurationList;
			buildConfigurations = (
				80287F441C03914F008B2F1D /* Debug */,
				80287F451C03914F008B2F1D /* Release */,
			);
			defaultConfigurationIsVisible = 0;
			defaultConfigurationName = Release;
		};
		80287F461C03914F008B2F1D /* Build configuration list for PBXNativeTarget "Assignment3_new" */ = {
			isa = XCConfigurationList;
			buildConfigurations = (
				80287F471C03914F008B2F1D /* Debug */,
				80287F481C03914F008B2F1D /* Release */,
			);
			defaultConfigurationIsVisible = 0;
		};
/* End XCConfigurationList section */
	};
	rootObject = 80287F371C03914E008B2F1D /* Project object */;
}
